{
  "name": "uni-app",
  "version": "1.0.0",
  "lockfileVersion": 1,
  "requires": true,
  "dependencies": {
    "set-cookie-parser": {
      "version": "2.4.8",
      "resolved": "https://registry.nlark.com/set-cookie-parser/download/set-cookie-parser-2.4.8.tgz",
      "integrity": "sha1-0NoO04i8jyTnBqOR+cniUqE8WLI="
    },
    "weapp-cookie": {
      "version": "1.4.6",
      "resolved": "https://registry.nlark.com/weapp-cookie/download/weapp-cookie-1.4.6.tgz",
      "integrity": "sha1-bGBwjRvveC1X8mb+ezXjfaiDDz4=",
      "requires": {
        "set-cookie-parser": "^2.3.8"
      }
    }
  }
}
